
Microsoft Visual Studio Solution File, Format Version 12.00
# Visual Studio 2013
VisualStudioVersion = 12.0.31101.0
MinimumVisualStudioVersion = 10.0.40219.1
Project("{FAE04EC0-301F-11D3-BF4B-00C04F79EFBC}") = "Minesweeper.UI", "Minesweeper.UI\Minesweeper.UI.csproj", "{4FDC2E1D-77AD-4786-A392-BDD50DBD358E}"
EndProject
Project("{FAE04EC0-301F-11D3-BF4B-00C04F79EFBC}") = "Minesweeper.BLL", "Minesweeper.BLL\Minesweeper.BLL.csproj", "{3A71680B-A2CD-4037-8C4E-999927041C07}"
EndProject
Project("{FAE04EC0-301F-11D3-BF4B-00C04F79EFBC}") = "Minesweeper.Test", "Minesweeper.Test\Minesweeper.Test.csproj", "{F237B2A1-5D2A-46C9-9B7C-29C334F8A26D}"
EndProject
Global
	GlobalSection(SolutionConfigurationPlatforms) = preSolution
		Debug|Any CPU = Debug|Any CPU
		Release|Any CPU = Release|Any CPU
	EndGlobalSection
	GlobalSection(ProjectConfigurationPlatforms) = postSolution
		{4FDC2E1D-77AD-4786-A392-BDD50DBD358E}.Debug|Any CPU.ActiveCfg = Debug|Any CPU
		{4FDC2E1D-77AD-4786-A392-BDD50DBD358E}.Debug|Any CPU.Build.0 = Debug|Any CPU
		{4FDC2E1D-77AD-4786-A392-BDD50DBD358E}.Release|Any CPU.ActiveCfg = Release|Any CPU
		{4FDC2E1D-77AD-4786-A392-BDD50DBD358E}.Release|Any CPU.Build.0 = Release|Any CPU
		{3A71680B-A2CD-4037-8C4E-999927041C07}.Debug|Any CPU.ActiveCfg = Debug|Any CPU
		{3A71680B-A2CD-4037-8C4E-999927041C07}.Debug|Any CPU.Build.0 = Debug|Any CPU
		{3A71680B-A2CD-4037-8C4E-999927041C07}.Release|Any CPU.ActiveCfg = Release|Any CPU
		{3A71680B-A2CD-4037-8C4E-999927041C07}.Release|Any CPU.Build.0 = Release|Any CPU
		{F237B2A1-5D2A-46C9-9B7C-29C334F8A26D}.Debug|Any CPU.ActiveCfg = Debug|Any CPU
		{F237B2A1-5D2A-46C9-9B7C-29C334F8A26D}.Debug|Any CPU.Build.0 = Debug|Any CPU
		{F237B2A1-5D2A-46C9-9B7C-29C334F8A26D}.Release|Any CPU.ActiveCfg = Release|Any CPU
		{F237B2A1-5D2A-46C9-9B7C-29C334F8A26D}.Release|Any CPU.Build.0 = Release|Any CPU
	EndGlobalSection
	GlobalSection(SolutionProperties) = preSolution
		HideSolutionNode = FALSE
	EndGlobalSection
EndGlobal
