
Microsoft Visual Studio Solution File, Format Version 12.00
# Visual Studio 2013
VisualStudioVersion = 12.0.31101.0
MinimumVisualStudioVersion = 10.0.40219.1
Project("{FAE04EC0-301F-11D3-BF4B-00C04F79EFBC}") = "Warmups.Loops.BLL", "Warmups.Loops.BLL\Warmups.Loops.BLL.csproj", "{0EBDB57C-ED5D-4FAC-BD18-AF2B8F8CB0EB}"
EndProject
Project("{FAE04EC0-301F-11D3-BF4B-00C04F79EFBC}") = "Warmup.Loops.Tests2", "Warmup.Loops.Tests2\Warmup.Loops.Tests2.csproj", "{B56CE7CA-9A48-45EE-BB93-4F47E583BE31}"
EndProject
Global
	GlobalSection(SolutionConfigurationPlatforms) = preSolution
		Debug|Any CPU = Debug|Any CPU
		Release|Any CPU = Release|Any CPU
	EndGlobalSection
	GlobalSection(ProjectConfigurationPlatforms) = postSolution
		{0EBDB57C-ED5D-4FAC-BD18-AF2B8F8CB0EB}.Debug|Any CPU.ActiveCfg = Debug|Any CPU
		{0EBDB57C-ED5D-4FAC-BD18-AF2B8F8CB0EB}.Debug|Any CPU.Build.0 = Debug|Any CPU
		{0EBDB57C-ED5D-4FAC-BD18-AF2B8F8CB0EB}.Release|Any CPU.ActiveCfg = Release|Any CPU
		{0EBDB57C-ED5D-4FAC-BD18-AF2B8F8CB0EB}.Release|Any CPU.Build.0 = Release|Any CPU
		{B56CE7CA-9A48-45EE-BB93-4F47E583BE31}.Debug|Any CPU.ActiveCfg = Debug|Any CPU
		{B56CE7CA-9A48-45EE-BB93-4F47E583BE31}.Debug|Any CPU.Build.0 = Debug|Any CPU
		{B56CE7CA-9A48-45EE-BB93-4F47E583BE31}.Release|Any CPU.ActiveCfg = Release|Any CPU
		{B56CE7CA-9A48-45EE-BB93-4F47E583BE31}.Release|Any CPU.Build.0 = Release|Any CPU
	EndGlobalSection
	GlobalSection(SolutionProperties) = preSolution
		HideSolutionNode = FALSE
	EndGlobalSection
EndGlobal
